// !$*UTF8*$!
{
	archiveVersion = 1;
	classes = {
	};
	objectVersion = 50;
	objects = {

/* Begin PBXBuildFile section */
		C7482536251DDF9C00C89555 /* AppDelegate.swift in Sources */ = {isa = PBXBuildFile; fileRef = C7482535251DDF9C00C89555 /* AppDelegate.swift */; };
		C7482538251DDF9C00C89555 /* SceneDelegate.swift in Sources */ = {isa = PBXBuildFile; fileRef = C7482537251DDF9C00C89555 /* SceneDelegate.swift */; };
		C748253A251DDF9C00C89555 /* ViewController.swift in Sources */ = {isa = PBXBuildFile; fileRef = C7482539251DDF9C00C89555 /* ViewController.swift */; };
		C748253D251DDF9C00C89555 /* Main.storyboard in Resources */ = {isa = PBXBuildFile; fileRef = C748253B251DDF9C00C89555 /* Main.storyboard */; };
		C748253F251DDF9E00C89555 /* Assets.xcassets in Resources */ = {isa = PBXBuildFile; fileRef = C748253E251DDF9E00C89555 /* Assets.xcassets */; };
		C7482542251DDF9E00C89555 /* LaunchScreen.storyboard in Resources */ = {isa = PBXBuildFile; fileRef = C7482540251DDF9E00C89555 /* LaunchScreen.storyboard */; };
		C748254D251DDF9E00C89555 /* FlixTests.swift in Sources */ = {isa = PBXBuildFile; fileRef = C748254C251DDF9E00C89555 /* FlixTests.swift */; };
		C7482558251DDF9E00C89555 /* FlixUITests.swift in Sources */ = {isa = PBXBuildFile; fileRef = C7482557251DDF9E00C89555 /* FlixUITests.swift */; };
/* End PBXBuildFile section */

/* Begin PBXContainerItemProxy section */
		C7482549251DDF9E00C89555 /* PBXContainerItemProxy */ = {
			isa = PBXContainerItemProxy;
			containerPortal = C748252A251DDF9C00C89555 /* Project object */;
			proxyType = 1;
			remoteGlobalIDString = C7482531251DDF9C00C89555;
			remoteInfo = Flix;
		};
		C7482554251DDF9E00C89555 /* PBXContainerItemProxy */ = {
			isa = PBXContainerItemProxy;
			containerPortal = C748252A251DDF9C00C89555 /* Project object */;
			proxyType = 1;
			remoteGlobalIDString = C7482531251DDF9C00C89555;
			remoteInfo = Flix;
		};
/* End PBXContainerItemProxy section */

/* Begin PBXFileReference section */
		C7482532251DDF9C00C89555 /* Flix.app */ = {isa = PBXFileReference; explicitFileType = wrapper.application; includeInIndex = 0; path = Flix.app; sourceTree = BUILT_PRODUCTS_DIR; };
		C7482535251DDF9C00C89555 /* AppDelegate.swift */ = {isa = PBXFileReference; lastKnownFileType = sourcecode.swift; path = AppDelegate.swift; sourceTree = "<group>"; };
		C7482537251DDF9C00C89555 /* SceneDelegate.swift */ = {isa = PBXFileReference; lastKnownFileType = sourcecode.swift; path = SceneDelegate.swift; sourceTree = "<group>"; };
		C7482539251DDF9C00C89555 /* ViewController.swift */ = {isa = PBXFileReference; lastKnownFileType = sourcecode.swift; path = ViewController.swift; sourceTree = "<group>"; };
		C748253C251DDF9C00C89555 /* Base */ = {isa = PBXFileReference; lastKnownFileType = file.storyboard; name = Base; path = Base.lproj/Main.storyboard; sourceTree = "<group>"; };
		C748253E251DDF9E00C89555 /* Assets.xcassets */ = {isa = PBXFileReference; lastKnownFileType = folder.assetcatalog; path = Assets.xcassets; sourceTree = "<group>"; };
		C7482541251DDF9E00C89555 /* Base */ = {isa = PBXFileReference; lastKnownFileType = file.storyboard; name = Base; path = Base.lproj/LaunchScreen.storyboard; sourceTree = "<group>"; };
		C7482543251DDF9E00C89555 /* Info.plist */ = {isa = PBXFileReference; lastKnownFileType = text.plist.xml; path = Info.plist; sourceTree = "<group>"; };
		C7482548251DDF9E00C89555 /* FlixTests.xctest */ = {isa = PBXFileReference; explicitFileType = wrapper.cfbundle; includeInIndex = 0; path = FlixTests.xctest; sourceTree = BUILT_PRODUCTS_DIR; };
		C748254C251DDF9E00C89555 /* FlixTests.swift */ = {isa = PBXFileReference; lastKnownFileType = sourcecode.swift; path = FlixTests.swift; sourceTree = "<group>"; };
		C748254E251DDF9E00C89555 /* Info.plist */ = {isa = PBXFileReference; lastKnownFileType = text.plist.xml; path = Info.plist; sourceTree = "<group>"; };
		C7482553251DDF9E00C89555 /* FlixUITests.xctest */ = {isa = PBXFileReference; explicitFileType = wrapper.cfbundle; includeInIndex = 0; path = FlixUITests.xctest; sourceTree = BUILT_PRODUCTS_DIR; };
		C7482557251DDF9E00C89555 /* FlixUITests.swift */ = {isa = PBXFileReference; lastKnownFileType = sourcecode.swift; path = FlixUITests.swift; sourceTree = "<group>"; };
		C7482559251DDF9E00C89555 /* Info.plist */ = {isa = PBXFileReference; lastKnownFileType = text.plist.xml; path = Info.plist; sourceTree = "<group>"; };
/* End PBXFileReference section */

/* Begin PBXFrameworksBuildPhase section */
		C748252F251DDF9C00C89555 /* Frameworks */ = {
			isa = PBXFrameworksBuildPhase;
			buildActionMask = 2147483647;
			files = (
			);
			runOnlyForDeploymentPostprocessing = 0;
		};
		C7482545251DDF9E00C89555 /* Frameworks */ = {
			isa = PBXFrameworksBuildPhase;
			buildActionMask = 2147483647;
			files = (
			);
			runOnlyForDeploymentPostprocessing = 0;
		};
		C7482550251DDF9E00C89555 /* Frameworks */ = {
			isa = PBXFrameworksBuildPhase;
			buildActionMask = 2147483647;
			files = (
			);
			runOnlyForDeploymentPostprocessing = 0;
		};
/* End PBXFrameworksBuildPhase section */

/* Begin PBXGroup section */
		C7482529251DDF9C00C89555 = {
			isa = PBXGroup;
			children = (
				C7482534251DDF9C00C89555 /* Flix */,
				C748254B251DDF9E00C89555 /* FlixTests */,
				C7482556251DDF9E00C89555 /* FlixUITests */,
				C7482533251DDF9C00C89555 /* Products */,
			);
			sourceTree = "<group>";
		};
		C7482533251DDF9C00C89555 /* Products */ = {
			isa = PBXGroup;
			children = (
				C7482532251DDF9C00C89555 /* Flix.app */,
				C7482548251DDF9E00C89555 /* FlixTests.xctest */,
				C7482553251DDF9E00C89555 /* FlixUITests.xctest */,
			);
			name = Products;
			sourceTree = "<group>";
		};
		C7482534251DDF9C00C89555 /* Flix */ = {
			isa = PBXGroup;
			children = (
				C7482535251DDF9C00C89555 /* AppDelegate.swift */,
				C7482537251DDF9C00C89555 /* SceneDelegate.swift */,
				C7482539251DDF9C00C89555 /* ViewController.swift */,
				C748253B251DDF9C00C89555 /* Main.storyboard */,
				C748253E251DDF9E00C89555 /* Assets.xcassets */,
				C7482540251DDF9E00C89555 /* LaunchScreen.storyboard */,
				C7482543251DDF9E00C89555 /* Info.plist */,
			);
			path = Flix;
			sourceTree = "<group>";
		};
		C748254B251DDF9E00C89555 /* FlixTests */ = {
			isa = PBXGroup;
			children = (
				C748254C251DDF9E00C89555 /* FlixTests.swift */,
				C748254E251DDF9E00C89555 /* Info.plist */,
			);
			path = FlixTests;
			sourceTree = "<group>";
		};
		C7482556251DDF9E00C89555 /* FlixUITests */ = {
			isa = PBXGroup;
			children = (
				C7482557251DDF9E00C89555 /* FlixUITests.swift */,
				C7482559251DDF9E00C89555 /* Info.plist */,
			);
			path = FlixUITests;
			sourceTree = "<group>";
		};
/* End PBXGroup section */

/* Begin PBXNativeTarget section */
		C7482531251DDF9C00C89555 /* Flix */ = {
			isa = PBXNativeTarget;
			buildConfigurationList = C748255C251DDF9E00C89555 /* Build configuration list for PBXNativeTarget "Flix" */;
			buildPhases = (
				C748252E251DDF9C00C89555 /* Sources */,
				C748252F251DDF9C00C89555 /* Frameworks */,
				C7482530251DDF9C00C89555 /* Resources */,
			);
			buildRules = (
			);
			dependencies = (
			);
			name = Flix;
			productName = Flix;
			productReference = C7482532251DDF9C00C89555 /* Flix.app */;
			productType = "com.apple.product-type.application";
		};
		C7482547251DDF9E00C89555 /* FlixTests */ = {
			isa = PBXNativeTarget;
			buildConfigurationList = C748255F251DDF9E00C89555 /* Build configuration list for PBXNativeTarget "FlixTests" */;
			buildPhases = (
				C7482544251DDF9E00C89555 /* Sources */,
				C7482545251DDF9E00C89555 /* Frameworks */,
				C7482546251DDF9E00C89555 /* Resources */,
			);
			buildRules = (
			);
			dependencies = (
				C748254A251DDF9E00C89555 /* PBXTargetDependency */,
			);
			name = FlixTests;
			productName = FlixTests;
			productReference = C7482548251DDF9E00C89555 /* FlixTests.xctest */;
			productType = "com.apple.product-type.bundle.unit-test";
		};
		C7482552251DDF9E00C89555 /* FlixUITests */ = {
			isa = PBXNativeTarget;
			buildConfigurationList = C7482562251DDF9E00C89555 /* Build configuration list for PBXNativeTarget "FlixUITests" */;
			buildPhases = (
				C748254F251DDF9E00C89555 /* Sources */,
				C7482550251DDF9E00C89555 /* Frameworks */,
				C7482551251DDF9E00C89555 /* Resources */,
			);
			buildRules = (
			);
			dependencies = (
				C7482555251DDF9E00C89555 /* PBXTargetDependency */,
			);
			name = FlixUITests;
			productName = FlixUITests;
			productReference = C7482553251DDF9E00C89555 /* FlixUITests.xctest */;
			productType = "com.apple.product-type.bundle.ui-testing";
		};
/* End PBXNativeTarget section */

/* Begin PBXProject section */
		C748252A251DDF9C00C89555 /* Project object */ = {
			isa = PBXProject;
			attributes = {
				LastSwiftUpdateCheck = 1130;
				LastUpgradeCheck = 1130;
				ORGANIZATIONNAME = "Grigori Barbachov";
				TargetAttributes = {
					C7482531251DDF9C00C89555 = {
						CreatedOnToolsVersion = 11.3;
					};
					C7482547251DDF9E00C89555 = {
						CreatedOnToolsVersion = 11.3;
						TestTargetID = C7482531251DDF9C00C89555;
					};
					C7482552251DDF9E00C89555 = {
						CreatedOnToolsVersion = 11.3;
						TestTargetID = C7482531251DDF9C00C89555;
					};
				};
			};
			buildConfigurationList = C748252D251DDF9C00C89555 /* Build configuration list for PBXProject "Flix" */;
			compatibilityVersion = "Xcode 9.3";
			developmentRegion = en;
			hasScannedForEncodings = 0;
			knownRegions = (
				en,
				Base,
			);
			mainGroup = C7482529251DDF9C00C89555;
			productRefGroup = C7482533251DDF9C00C89555 /* Products */;
			projectDirPath = "";
			projectRoot = "";
			targets = (
				C7482531251DDF9C00C89555 /* Flix */,
				C7482547251DDF9E00C89555 /* FlixTests */,
				C7482552251DDF9E00C89555 /* FlixUITests */,
			);
		};
/* End PBXProject section */

/* Begin PBXResourcesBuildPhase section */
		C7482530251DDF9C00C89555 /* Resources */ = {
			isa = PBXResourcesBuildPhase;
			buildActionMask = 2147483647;
			files = (
				C7482542251DDF9E00C89555 /* LaunchScreen.storyboard in Resources */,
				C748253F251DDF9E00C89555 /* Assets.xcassets in Resources */,
				C748253D251DDF9C00C89555 /* Main.storyboard in Resources */,
			);
			runOnlyForDeploymentPostprocessing = 0;
		};
		C7482546251DDF9E00C89555 /* Resources */ = {
			isa = PBXResourcesBuildPhase;
			buildActionMask = 2147483647;
			files = (
			);
			runOnlyForDeploymentPostprocessing = 0;
		};
		C7482551251DDF9E00C89555 /* Resources */ = {
			isa = PBXResourcesBuildPhase;
			buildActionMask = 2147483647;
			files = (
			);
			runOnlyForDeploymentPostprocessing = 0;
		};
/* End PBXResourcesBuildPhase section */

/* Begin PBXSourcesBuildPhase section */
		C748252E251DDF9C00C89555 /* Sources */ = {
			isa = PBXSourcesBuildPhase;
			buildActionMask = 2147483647;
			files = (
				C748253A251DDF9C00C89555 /* ViewController.swift in Sources */,
				C7482536251DDF9C00C89555 /* AppDelegate.swift in Sources */,
				C7482538251DDF9C00C89555 /* SceneDelegate.swift in Sources */,
			);
			runOnlyForDeploymentPostprocessing = 0;
		};
		C7482544251DDF9E00C89555 /* Sources */ = {
			isa = PBXSourcesBuildPhase;
			buildActionMask = 2147483647;
			files = (
				C748254D251DDF9E00C89555 /* FlixTests.swift in Sources */,
			);
			runOnlyForDeploymentPostprocessing = 0;
		};
		C748254F251DDF9E00C89555 /* Sources */ = {
			isa = PBXSourcesBuildPhase;
			buildActionMask = 2147483647;
			files = (
				C7482558251DDF9E00C89555 /* FlixUITests.swift in Sources */,
			);
			runOnlyForDeploymentPostprocessing = 0;
		};
/* End PBXSourcesBuildPhase section */

/* Begin PBXTargetDependency section */
		C748254A251DDF9E00C89555 /* PBXTargetDependency */ = {
			isa = PBXTargetDependency;
			target = C7482531251DDF9C00C89555 /* Flix */;
			targetProxy = C7482549251DDF9E00C89555 /* PBXContainerItemProxy */;
		};
		C7482555251DDF9E00C89555 /* PBXTargetDependency */ = {
			isa = PBXTargetDependency;
			target = C7482531251DDF9C00C89555 /* Flix */;
			targetProxy = C7482554251DDF9E00C89555 /* PBXContainerItemProxy */;
		};
/* End PBXTargetDependency section */

/* Begin PBXVariantGroup section */
		C748253B251DDF9C00C89555 /* Main.storyboard */ = {
			isa = PBXVariantGroup;
			children = (
				C748253C251DDF9C00C89555 /* Base */,
			);
			name = Main.storyboard;
			sourceTree = "<group>";
		};
		C7482540251DDF9E00C89555 /* LaunchScreen.storyboard */ = {
			isa = PBXVariantGroup;
			children = (
				C7482541251DDF9E00C89555 /* Base */,
			);
			name = LaunchScreen.storyboard;
			sourceTree = "<group>";
		};
/* End PBXVariantGroup section */

/* Begin XCBuildConfiguration section */
		C748255A251DDF9E00C89555 /* Debug */ = {
			isa = XCBuildConfiguration;
			buildSettings = {
				ALWAYS_SEARCH_USER_PATHS = NO;
				CLANG_ANALYZER_NONNULL = YES;
				CLANG_ANALYZER_NUMBER_OBJECT_CONVERSION = YES_AGGRESSIVE;
				CLANG_CXX_LANGUAGE_STANDARD = "gnu++14";
				CLANG_CXX_LIBRARY = "libc++";
				CLANG_ENABLE_MODULES = YES;
				CLANG_ENABLE_OBJC_ARC = YES;
				CLANG_ENABLE_OBJC_WEAK = YES;
				CLANG_WARN_BLOCK_CAPTURE_AUTORELEASING = YES;
				CLANG_WARN_BOOL_CONVERSION = YES;
				CLANG_WARN_COMMA = YES;
				CLANG_WARN_CONSTANT_CONVERSION = YES;
				CLANG_WARN_DEPRECATED_OBJC_IMPLEMENTATIONS = YES;
				CLANG_WARN_DIRECT_OBJC_ISA_USAGE = YES_ERROR;
				CLANG_WARN_DOCUMENTATION_COMMENTS = YES;
				CLANG_WARN_EMPTY_BODY = YES;
				CLANG_WARN_ENUM_CONVERSION = YES;
				CLANG_WARN_INFINITE_RECURSION = YES;
				CLANG_WARN_INT_CONVERSION = YES;
				CLANG_WARN_NON_LITERAL_NULL_CONVERSION = YES;
				CLANG_WARN_OBJC_IMPLICIT_RETAIN_SELF = YES;
				CLANG_WARN_OBJC_LITERAL_CONVERSION = YES;
				CLANG_WARN_OBJC_ROOT_CLASS = YES_ERROR;
				CLANG_WARN_RANGE_LOOP_ANALYSIS = YES;
				CLANG_WARN_STRICT_PROTOTYPES = YES;
				CLANG_WARN_SUSPICIOUS_MOVE = YES;
				CLANG_WARN_UNGUARDED_AVAILABILITY = YES_AGGRESSIVE;
				CLANG_WARN_UNREACHABLE_CODE = YES;
				CLANG_WARN__DUPLICATE_METHOD_MATCH = YES;
				COPY_PHASE_STRIP = NO;
				DEBUG_INFORMATION_FORMAT = dwarf;
				ENABLE_STRICT_OBJC_MSGSEND = YES;
				ENABLE_TESTABILITY = YES;
				GCC_C_LANGUAGE_STANDARD = gnu11;
				GCC_DYNAMIC_NO_PIC = NO;
				GCC_NO_COMMON_BLOCKS = YES;
				GCC_OPTIMIZATION_LEVEL = 0;
				GCC_PREPROCESSOR_DEFINITIONS = (
					"DEBUG=1",
					"$(inherited)",
				);
				GCC_WARN_64_TO_32_BIT_CONVERSION = YES;
				GCC_WARN_ABOUT_RETURN_TYPE = YES_ERROR;
				GCC_WARN_UNDECLARED_SELECTOR = YES;
				GCC_WARN_UNINITIALIZED_AUTOS = YES_AGGRESSIVE;
				GCC_WARN_UNUSED_FUNCTION = YES;
				GCC_WARN_UNUSED_VARIABLE = YES;
				IPHONEOS_DEPLOYMENT_TARGET = 13.2;
				MTL_ENABLE_DEBUG_INFO = INCLUDE_SOURCE;
				MTL_FAST_MATH = YES;
				ONLY_ACTIVE_ARCH = YES;
				SDKROOT = iphoneos;
				SWIFT_ACTIVE_COMPILATION_CONDITIONS = DEBUG;
				SWIFT_OPTIMIZATION_LEVEL = "-Onone";
			};
			name = Debug;
		};
		C748255B251DDF9E00C89555 /* Release */ = {
			isa = XCBuildConfiguration;
			buildSettings = {
				ALWAYS_SEARCH_USER_PATHS = NO;
				CLANG_ANALYZER_NONNULL = YES;
				CLANG_ANALYZER_NUMBER_OBJECT_CONVERSION = YES_AGGRESSIVE;
				CLANG_CXX_LANGUAGE_STANDARD = "gnu++14";
				CLANG_CXX_LIBRARY = "libc++";
				CLANG_ENABLE_MODULES = YES;
				CLANG_ENABLE_OBJC_ARC = YES;
				CLANG_ENABLE_OBJC_WEAK = YES;
				CLANG_WARN_BLOCK_CAPTURE_AUTORELEASING = YES;
				CLANG_WARN_BOOL_CONVERSION = YES;
				CLANG_WARN_COMMA = YES;
				CLANG_WARN_CONSTANT_CONVERSION = YES;
				CLANG_WARN_DEPRECATED_OBJC_IMPLEMENTATIONS = YES;
				CLANG_WARN_DIRECT_OBJC_ISA_USAGE = YES_ERROR;
				CLANG_WARN_DOCUMENTATION_COMMENTS = YES;
				CLANG_WARN_EMPTY_BODY = YES;
				CLANG_WARN_ENUM_CONVERSION = YES;
				CLANG_WARN_INFINITE_RECURSION = YES;
				CLANG_WARN_INT_CONVERSION = YES;
				CLANG_WARN_NON_LITERAL_NULL_CONVERSION = YES;
				CLANG_WARN_OBJC_IMPLICIT_RETAIN_SELF = YES;
				CLANG_WARN_OBJC_LITERAL_CONVERSION = YES;
				CLANG_WARN_OBJC_ROOT_CLASS = YES_ERROR;
				CLANG_WARN_RANGE_LOOP_ANALYSIS = YES;
				CLANG_WARN_STRICT_PROTOTYPES = YES;
				CLANG_WARN_SUSPICIOUS_MOVE = YES;
				CLANG_WARN_UNGUARDED_AVAILABILITY = YES_AGGRESSIVE;
				CLANG_WARN_UNREACHABLE_CODE = YES;
				CLANG_WARN__DUPLICATE_METHOD_MATCH = YES;
				COPY_PHASE_STRIP = NO;
				DEBUG_INFORMATION_FORMAT = "dwarf-with-dsym";
				ENABLE_NS_ASSERTIONS = NO;
				ENABLE_STRICT_OBJC_MSGSEND = YES;
				GCC_C_LANGUAGE_STANDARD = gnu11;
				GCC_NO_COMMON_BLOCKS = YES;
				GCC_WARN_64_TO_32_BIT_CONVERSION = YES;
				GCC_WARN_ABOUT_RETURN_TYPE = YES_ERROR;
				GCC_WARN_UNDECLARED_SELECTOR = YES;
				GCC_WARN_UNINITIALIZED_AUTOS = YES_AGGRESSIVE;
				GCC_WARN_UNUSED_FUNCTION = YES;
				GCC_WARN_UNUSED_VARIABLE = YES;
				IPHONEOS_DEPLOYMENT_TARGET = 13.2;
				MTL_ENABLE_DEBUG_INFO = NO;
				MTL_FAST_MATH = YES;
				SDKROOT = iphoneos;
				SWIFT_COMPILATION_MODE = wholemodule;
				SWIFT_OPTIMIZATION_LEVEL = "-O";
				VALIDATE_PRODUCT = YES;
			};
			name = Release;
		};
		C748255D251DDF9E00C89555 /* Debug */ = {
			isa = XCBuildConfiguration;
			buildSettings = {
				ASSETCATALOG_COMPILER_APPICON_NAME = AppIcon;
				CODE_SIGN_STYLE = Automatic;
				DEVELOPMENT_TEAM = VQMFNJ29R2;
				INFOPLIST_FILE = Flix/Info.plist;
				LD_RUNPATH_SEARCH_PATHS = (
					"$(inherited)",
					"@executable_path/Frameworks",
				);
				PRODUCT_BUNDLE_IDENTIFIER = edu.oregonstate.barbachg.Flix;
				PRODUCT_NAME = "$(TARGET_NAME)";
				SWIFT_VERSION = 5.0;
				TARGETED_DEVICE_FAMILY = "1,2";
			};
			name = Debug;
		};
		C748255E251DDF9E00C89555 /* Release */ = {
			isa = XCBuildConfiguration;
			buildSettings = {
				ASSETCATALOG_COMPILER_APPICON_NAME = AppIcon;
				CODE_SIGN_STYLE = Automatic;
				DEVELOPMENT_TEAM = VQMFNJ29R2;
				INFOPLIST_FILE = Flix/Info.plist;
				LD_RUNPATH_SEARCH_PATHS = (
					"$(inherited)",
					"@executable_path/Frameworks",
				);
				PRODUCT_BUNDLE_IDENTIFIER = edu.oregonstate.barbachg.Flix;
				PRODUCT_NAME = "$(TARGET_NAME)";
				SWIFT_VERSION = 5.0;
				TARGETED_DEVICE_FAMILY = "1,2";
			};
			name = Release;
		};
		C7482560251DDF9E00C89555 /* Debug */ = {
			isa = XCBuildConfiguration;
			buildSettings = {
				ALWAYS_EMBED_SWIFT_STANDARD_LIBRARIES = YES;
				BUNDLE_LOADER = "$(TEST_HOST)";
				CODE_SIGN_STYLE = Automatic;
				DEVELOPMENT_TEAM = VQMFNJ29R2;
				INFOPLIST_FILE = FlixTests/Info.plist;
				IPHONEOS_DEPLOYMENT_TARGET = 13.2;
				LD_RUNPATH_SEARCH_PATHS = (
					"$(inherited)",
					"@executable_path/Frameworks",
					"@loader_path/Frameworks",
				);
				PRODUCT_BUNDLE_IDENTIFIER = edu.oregonstate.barbachg.FlixTests;
				PRODUCT_NAME = "$(TARGET_NAME)";
				SWIFT_VERSION = 5.0;
				TARGETED_DEVICE_FAMILY = "1,2";
				TEST_HOST = "$(BUILT_PRODUCTS_DIR)/Flix.app/Flix";
			};
			name = Debug;
		};
		C7482561251DDF9E00C89555 /* Release */ = {
			isa = XCBuildConfiguration;
			buildSettings = {
				ALWAYS_EMBED_SWIFT_STANDARD_LIBRARIES = YES;
				BUNDLE_LOADER = "$(TEST_HOST)";
				CODE_SIGN_STYLE = Automatic;
				DEVELOPMENT_TEAM = VQMFNJ29R2;
				INFOPLIST_FILE = FlixTests/Info.plist;
				IPHONEOS_DEPLOYMENT_TARGET = 13.2;
				LD_RUNPATH_SEARCH_PATHS = (
					"$(inherited)",
					"@executable_path/Frameworks",
					"@loader_path/Frameworks",
				);
				PRODUCT_BUNDLE_IDENTIFIER = edu.oregonstate.barbachg.FlixTests;
				PRODUCT_NAME = "$(TARGET_NAME)";
				SWIFT_VERSION = 5.0;
				TARGETED_DEVICE_FAMILY = "1,2";
				TEST_HOST = "$(BUILT_PRODUCTS_DIR)/Flix.app/Flix";
			};
			name = Release;
		};
		C7482563251DDF9E00C89555 /* Debug */ = {
			isa = XCBuildConfiguration;
			buildSettings = {
				ALWAYS_EMBED_SWIFT_STANDARD_LIBRARIES = YES;
				CODE_SIGN_STYLE = Automatic;
				DEVELOPMENT_TEAM = VQMFNJ29R2;
				INFOPLIST_FILE = FlixUITests/Info.plist;
				LD_RUNPATH_SEARCH_PATHS = (
					"$(inherited)",
					"@executable_path/Frameworks",
					"@loader_path/Frameworks",
				);
				PRODUCT_BUNDLE_IDENTIFIER = edu.oregonstate.barbachg.FlixUITests;
				PRODUCT_NAME = "$(TARGET_NAME)";
				SWIFT_VERSION = 5.0;
				TARGETED_DEVICE_FAMILY = "1,2";
				TEST_TARGET_NAME = Flix;
			};
			name = Debug;
		};
		C7482564251DDF9E00C89555 /* Release */ = {
			isa = XCBuildConfiguration;
			buildSettings = {
				ALWAYS_EMBED_SWIFT_STANDARD_LIBRARIES = YES;
				CODE_SIGN_STYLE = Automatic;
				DEVELOPMENT_TEAM = VQMFNJ29R2;
				INFOPLIST_FILE = FlixUITests/Info.plist;
				LD_RUNPATH_SEARCH_PATHS = (
					"$(inherited)",
					"@executable_path/Frameworks",
					"@loader_path/Frameworks",
				);
				PRODUCT_BUNDLE_IDENTIFIER = edu.oregonstate.barbachg.FlixUITests;
				PRODUCT_NAME = "$(TARGET_NAME)";
				SWIFT_VERSION = 5.0;
				TARGETED_DEVICE_FAMILY = "1,2";
				TEST_TARGET_NAME = Flix;
			};
			name = Release;
		};
/* End XCBuildConfiguration section */

/* Begin XCConfigurationList section */
		C748252D251DDF9C00C89555 /* Build configuration list for PBXProject "Flix" */ = {
			isa = XCConfigurationList;
			buildConfigurations = (
				C748255A251DDF9E00C89555 /* Debug */,
				C748255B251DDF9E00C89555 /* Release */,
			);
			defaultConfigurationIsVisible = 0;
			defaultConfigurationName = Release;
		};
		C748255C251DDF9E00C89555 /* Build configuration list for PBXNativeTarget "Flix" */ = {
			isa = XCConfigurationList;
			buildConfigurations = (
				C748255D251DDF9E00C89555 /* Debug */,
				C748255E251DDF9E00C89555 /* Release */,
			);
			defaultConfigurationIsVisible = 0;
			defaultConfigurationName = Release;
		};
		C748255F251DDF9E00C89555 /* Build configuration list for PBXNativeTarget "FlixTests" */ = {
			isa = XCConfigurationList;
			buildConfigurations = (
				C7482560251DDF9E00C89555 /* Debug */,
				C7482561251DDF9E00C89555 /* Release */,
			);
			defaultConfigurationIsVisible = 0;
			defaultConfigurationName = Release;
		};
		C7482562251DDF9E00C89555 /* Build configuration list for PBXNativeTarget "FlixUITests" */ = {
			isa = XCConfigurationList;
			buildConfigurations = (
				C7482563251DDF9E00C89555 /* Debug */,
				C7482564251DDF9E00C89555 /* Release */,
			);
			defaultConfigurationIsVisible = 0;
			defaultConfigurationName = Release;
		};
/* End XCConfigurationList section */
	};
	rootObject = C748252A251DDF9C00C89555 /* Project object */;
}
